// !$*UTF8*$!
{
	archiveVersion = 1;
	classes = {
	};
	objectVersion = 46;
	objects = {

/* Begin PBXBuildFile section */
		FA899C401E28E6D5001F89D6 /* AppDelegate.swift in Sources */ = {isa = PBXBuildFile; fileRef = FA899C3F1E28E6D5001F89D6 /* AppDelegate.swift */; };
		FA899C461E28E6D5001F89D6 /* ViewController.swift in Sources */ = {isa = PBXBuildFile; fileRef = FA899C451E28E6D5001F89D6 /* ViewController.swift */; };
		FA899C481E28E6D5001F89D6 /* Assets.xcassets in Resources */ = {isa = PBXBuildFile; fileRef = FA899C471E28E6D5001F89D6 /* Assets.xcassets */; };
		FA899C4B1E28E6D5001F89D6 = {isa = PBXBuildFile; fileRef = FA899C491E28E6D5001F89D6 /* Main.storyboard */; };
/* End PBXBuildFile section */

/* Begin PBXFileReference section */
		34E94DFF868F964A11693D0B /* DefaultMacOSApp-Bridging-Header.h */ = {isa = PBXFileReference; lastKnownFileType = sourcecode.c.h; path = "DefaultMacOSApp-Bridging-Header.h"; sourceTree = "<group>"; };
		BA474465B545C018C0F70F48 /* DefaultMacOSApp-Prefix.pch */ = {isa = PBXFileReference; lastKnownFileType = sourcecode.c.h; path = "DefaultMacOSApp-Prefix.pch"; sourceTree = "<group>"; };
		FA899C3B1E28E6D5001F89D6 /* DefaultMacOSApp.app */ = {isa = PBXFileReference; explicitFileType = wrapper.application; includeInIndex = 0; path = DefaultMacOSApp.app; sourceTree = BUILT_PRODUCTS_DIR; };
		FA899C3F1E28E6D5001F89D6 /* AppDelegate.swift */ = {isa = PBXFileReference; lastKnownFileType = sourcecode.swift; path = AppDelegate.swift; sourceTree = "<group>"; };
		FA899C451E28E6D5001F89D6 /* ViewController.swift */ = {isa = PBXFileReference; lastKnownFileType = sourcecode.swift; path = ViewController.swift; sourceTree = "<group>"; };
		FA899C471E28E6D5001F89D6 /* Assets.xcassets */ = {isa = PBXFileReference; lastKnownFileType = folder.assetcatalog; path = Assets.xcassets; sourceTree = "<group>"; };
		FA899C4A1E28E6D5001F89D6 /* Base */ = {isa = PBXFileReference; lastKnownFileType = file.storyboard; name = Base; path = Base.lproj/Main.storyboard; sourceTree = "<group>"; };
		FA899C4C1E28E6D5001F89D6 /* Info.plist */ = {isa = PBXFileReference; lastKnownFileType = text.plist.xml; path = Info.plist; sourceTree = "<group>"; };
/* End PBXFileReference section */

/* Begin PBXFrameworksBuildPhase section */
		FA899C381E28E6D4001F89D6 /* Frameworks */ = {
			isa = PBXFrameworksBuildPhase;
			buildActionMask = 2147483647;
			files = (
			);
			runOnlyForDeploymentPostprocessing = 0;
		};
/* End PBXFrameworksBuildPhase section */

/* Begin PBXGroup section */
		FA899C321E28E6D4001F89D6 = {
			isa = PBXGroup;
			children = (
				FA899C3D1E28E6D5001F89D6 /* DefaultMacOSApp */,
				FA899C3C1E28E6D5001F89D6 /* Products */,
				BA474465B545C018C0F70F48 /* DefaultMacOSApp-Prefix.pch */,
				34E94DFF868F964A11693D0B /* DefaultMacOSApp-Bridging-Header.h */,
			);
			sourceTree = "<group>";
		};
		FA899C3C1E28E6D5001F89D6 /* Products */ = {
			isa = PBXGroup;
			children = (
				FA899C3B1E28E6D5001F89D6 /* DefaultMacOSApp.app */,
			);
			name = Products;
			sourceTree = "<group>";
		};
		FA899C3D1E28E6D5001F89D6 /* DefaultMacOSApp */ = {
			isa = PBXGroup;
			children = (
				FA899C3F1E28E6D5001F89D6 /* AppDelegate.swift */,
				FA899C451E28E6D5001F89D6 /* ViewController.swift */,
				FA899C471E28E6D5001F89D6 /* Assets.xcassets */,
				FA899C491E28E6D5001F89D6 /* Main.storyboard */,
				FA899C4C1E28E6D5001F89D6 /* Info.plist */,
			);
			path = DefaultMacOSApp;
			sourceTree = "<group>";
		};
/* End PBXGroup section */

/* Begin PBXNativeTarget section */
		FA899C3A1E28E6D4001F89D6 /* DefaultMacOSApp */ = {
			isa = PBXNativeTarget;
			buildConfigurationList = FA899C4F1E28E6D5001F89D6 /* Build configuration list for PBXNativeTarget "DefaultMacOSApp" */;
			buildPhases = (
				FA899C371E28E6D4001F89D6 /* Sources */,
				FA899C381E28E6D4001F89D6 /* Frameworks */,
				FA899C391E28E6D4001F89D6 /* Resources */,
			);
			buildRules = (
			);
			dependencies = (
			);
			name = DefaultMacOSApp;
			productName = DefaultMacOSApp;
			productReference = FA899C3B1E28E6D5001F89D6 /* DefaultMacOSApp.app */;
			productType = "com.apple.product-type.application";
		};
/* End PBXNativeTarget section */

/* Begin PBXProject section */
		FA899C331E28E6D4001F89D6 /* Project object */ = {
			isa = PBXProject;
			attributes = {
				LastUpgradeCheck = 0820;
				ORGANIZATIONNAME = Swiftify;
				TargetAttributes = {
					FA899C3A1E28E6D4001F89D6 = {
						CreatedOnToolsVersion = 8.2.1;
						DevelopmentTeam = 6F35ERDYR7;
						ProvisioningStyle = Automatic;
					};
				};
			};
			buildConfigurationList = FA899C361E28E6D4001F89D6 /* Build configuration list for PBXProject "DefaultMacOSApp" */;
			compatibilityVersion = "Xcode 3.2";
			developmentRegion = English;
			hasScannedForEncodings = 0;
			knownRegions = (
				en,
				Base,
			);
			mainGroup = FA899C321E28E6D4001F89D6;
			productRefGroup = FA899C3C1E28E6D5001F89D6;
			projectDirPath = "";
			projectRoot = "";
			targets = (
				FA899C3A1E28E6D4001F89D6 /* DefaultMacOSApp */,
			);
		};
/* End PBXProject section */

/* Begin PBXResourcesBuildPhase section */
		FA899C391E28E6D4001F89D6 /* Resources */ = {
			isa = PBXResourcesBuildPhase;
			buildActionMask = 2147483647;
			files = (
				FA899C481E28E6D5001F89D6 /* Assets.xcassets in Resources */,
				FA899C4B1E28E6D5001F89D6,
			);
			runOnlyForDeploymentPostprocessing = 0;
		};
/* End PBXResourcesBuildPhase section */

/* Begin PBXSourcesBuildPhase section */
		FA899C371E28E6D4001F89D6 /* Sources */ = {
			isa = PBXSourcesBuildPhase;
			buildActionMask = 2147483647;
			files = (
				FA899C461E28E6D5001F89D6 /* ViewController.swift in Sources */,
				FA899C401E28E6D5001F89D6 /* AppDelegate.swift in Sources */,
			);
			runOnlyForDeploymentPostprocessing = 0;
		};
/* End PBXSourcesBuildPhase section */

/* Begin PBXVariantGroup section */
		FA899C491E28E6D5001F89D6 /* Main.storyboard */ = {
			isa = PBXVariantGroup;
			children = (
				FA899C4A1E28E6D5001F89D6 /* Base */,
			);
			name = Main.storyboard;
			sourceTree = "<group>";
		};
/* End PBXVariantGroup section */

/* Begin XCBuildConfiguration section */
		FA899C4D1E28E6D5001F89D6 /* Debug */ = {
			isa = XCBuildConfiguration;
			buildSettings = {
				ALWAYS_SEARCH_USER_PATHS = NO;
				CLANG_ANALYZER_NONNULL = YES;
				CLANG_CXX_LANGUAGE_STANDARD = "gnu++0x";
				CLANG_CXX_LIBRARY = "libc++";
				CLANG_ENABLE_MODULES = YES;
				CLANG_ENABLE_OBJC_ARC = YES;
				CLANG_WARN_BOOL_CONVERSION = YES;
				CLANG_WARN_CONSTANT_CONVERSION = YES;
				CLANG_WARN_DIRECT_OBJC_ISA_USAGE = YES_ERROR;
				CLANG_WARN_DOCUMENTATION_COMMENTS = YES;
				CLANG_WARN_EMPTY_BODY = YES;
				CLANG_WARN_ENUM_CONVERSION = YES;
				CLANG_WARN_INFINITE_RECURSION = YES;
				CLANG_WARN_INT_CONVERSION = YES;
				CLANG_WARN_OBJC_ROOT_CLASS = YES_ERROR;
				CLANG_WARN_SUSPICIOUS_MOVE = YES;
				CLANG_WARN_UNREACHABLE_CODE = YES;
				CLANG_WARN__DUPLICATE_METHOD_MATCH = YES;
				CODE_SIGN_IDENTITY = "-";
				COPY_PHASE_STRIP = NO;
				DEBUG_INFORMATION_FORMAT = dwarf;
				ENABLE_STRICT_OBJC_MSGSEND = YES;
				ENABLE_TESTABILITY = YES;
				GCC_C_LANGUAGE_STANDARD = gnu99;
				GCC_DYNAMIC_NO_PIC = NO;
				GCC_NO_COMMON_BLOCKS = YES;
				GCC_OPTIMIZATION_LEVEL = 0;
				GCC_PREPROCESSOR_DEFINITIONS = (
					"DEBUG=1",
					"$(inherited)",
				);
				GCC_WARN_64_TO_32_BIT_CONVERSION = YES;
				GCC_WARN_ABOUT_RETURN_TYPE = YES_ERROR;
				GCC_WARN_UNDECLARED_SELECTOR = YES;
				GCC_WARN_UNINITIALIZED_AUTOS = YES_AGGRESSIVE;
				GCC_WARN_UNUSED_FUNCTION = YES;
				GCC_WARN_UNUSED_VARIABLE = YES;
				MACOSX_DEPLOYMENT_TARGET = 10.12;
				MTL_ENABLE_DEBUG_INFO = YES;
				ONLY_ACTIVE_ARCH = YES;
				SDKROOT = macosx;
			};
			name = Debug;
		};
		FA899C4E1E28E6D5001F89D6 /* Release */ = {
			isa = XCBuildConfiguration;
			buildSettings = {
				ALWAYS_SEARCH_USER_PATHS = NO;
				CLANG_ANALYZER_NONNULL = YES;
				CLANG_CXX_LANGUAGE_STANDARD = "gnu++0x";
				CLANG_CXX_LIBRARY = "libc++";
				CLANG_ENABLE_MODULES = YES;
				CLANG_ENABLE_OBJC_ARC = YES;
				CLANG_WARN_BOOL_CONVERSION = YES;
				CLANG_WARN_CONSTANT_CONVERSION = YES;
				CLANG_WARN_DIRECT_OBJC_ISA_USAGE = YES_ERROR;
				CLANG_WARN_DOCUMENTATION_COMMENTS = YES;
				CLANG_WARN_EMPTY_BODY = YES;
				CLANG_WARN_ENUM_CONVERSION = YES;
				CLANG_WARN_INFINITE_RECURSION = YES;
				CLANG_WARN_INT_CONVERSION = YES;
				CLANG_WARN_OBJC_ROOT_CLASS = YES_ERROR;
				CLANG_WARN_SUSPICIOUS_MOVE = YES;
				CLANG_WARN_UNREACHABLE_CODE = YES;
				CLANG_WARN__DUPLICATE_METHOD_MATCH = YES;
				CODE_SIGN_IDENTITY = "-";
				COPY_PHASE_STRIP = NO;
				DEBUG_INFORMATION_FORMAT = "dwarf-with-dsym";
				ENABLE_NS_ASSERTIONS = NO;
				ENABLE_STRICT_OBJC_MSGSEND = YES;
				GCC_C_LANGUAGE_STANDARD = gnu99;
				GCC_NO_COMMON_BLOCKS = YES;
				GCC_WARN_64_TO_32_BIT_CONVERSION = YES;
				GCC_WARN_ABOUT_RETURN_TYPE = YES_ERROR;
				GCC_WARN_UNDECLARED_SELECTOR = YES;
				GCC_WARN_UNINITIALIZED_AUTOS = YES_AGGRESSIVE;
				GCC_WARN_UNUSED_FUNCTION = YES;
				GCC_WARN_UNUSED_VARIABLE = YES;
				MACOSX_DEPLOYMENT_TARGET = 10.12;
				MTL_ENABLE_DEBUG_INFO = NO;
				SDKROOT = macosx;
			};
			name = Release;
		};
		FA899C501E28E6D5001F89D6 /* Debug */ = {
			isa = XCBuildConfiguration;
			buildSettings = {
				ASSETCATALOG_COMPILER_APPICON_NAME = AppIcon;
				CLANG_ENABLE_MODULES = YES;
				COMBINE_HIDPI_IMAGES = YES;
				DEVELOPMENT_TEAM = 6F35ERDYR7;
				GCC_PRECOMPILE_PREFIX_HEADER = YES;
				GCC_PREFIX_HEADER = "DefaultMacOSApp-Prefix.pch";
				INFOPLIST_FILE = DefaultMacOSApp/Info.plist;
				LD_RUNPATH_SEARCH_PATHS = "$(inherited) @executable_path/../Frameworks";
				PRODUCT_BUNDLE_IDENTIFIER = com.Swiftify.DefaultMacOSApp;
				PRODUCT_NAME = "$(TARGET_NAME)";
				SWIFT_OBJC_BRIDGING_HEADER = "DefaultMacOSApp-Bridging-Header.h";
				SWIFT_OPTIMIZATION_LEVEL = "-Onone";
				SWIFT_SUPPRESS_WARNINGS = YES;
				SWIFT_VERSION = 4.0;
			};
			name = Debug;
		};
		FA899C511E28E6D5001F89D6 /* Release */ = {
			isa = XCBuildConfiguration;
			buildSettings = {
				ASSETCATALOG_COMPILER_APPICON_NAME = AppIcon;
				CLANG_ENABLE_MODULES = YES;
				COMBINE_HIDPI_IMAGES = YES;
				DEVELOPMENT_TEAM = 6F35ERDYR7;
				GCC_PRECOMPILE_PREFIX_HEADER = YES;
				GCC_PREFIX_HEADER = "DefaultMacOSApp-Prefix.pch";
				INFOPLIST_FILE = DefaultMacOSApp/Info.plist;
				LD_RUNPATH_SEARCH_PATHS = "$(inherited) @executable_path/../Frameworks";
				PRODUCT_BUNDLE_IDENTIFIER = com.Swiftify.DefaultMacOSApp;
				PRODUCT_NAME = "$(TARGET_NAME)";
				SWIFT_OBJC_BRIDGING_HEADER = "DefaultMacOSApp-Bridging-Header.h";
				SWIFT_VERSION = 4.0;
			};
			name = Release;
		};
/* End XCBuildConfiguration section */

/* Begin XCConfigurationList section */
		FA899C361E28E6D4001F89D6 /* Build configuration list for PBXProject "DefaultMacOSApp" */ = {
			isa = XCConfigurationList;
			buildConfigurations = (
				FA899C4D1E28E6D5001F89D6 /* Debug */,
				FA899C4E1E28E6D5001F89D6 /* Release */,
			);
			defaultConfigurationIsVisible = 0;
			defaultConfigurationName = Release;
		};
		FA899C4F1E28E6D5001F89D6 /* Build configuration list for PBXNativeTarget "DefaultMacOSApp" */ = {
			isa = XCConfigurationList;
			buildConfigurations = (
				FA899C501E28E6D5001F89D6 /* Debug */,
				FA899C511E28E6D5001F89D6 /* Release */,
			);
			defaultConfigurationIsVisible = 0;
		};
/* End XCConfigurationList section */
	};
	rootObject = FA899C331E28E6D4001F89D6 /* Project object */;
}
